{
  "lockfileVersion": 1,
  "workspaces": {
    "": {
      "dependencies": {
        "@whatwg-node/server": "^0.9.70",
      },
      "devDependencies": {
        "@types/bun": "^1.2.4",
        "@types/node": "^22.13.8",
      },
    },
  },
  "packages": {
    "@types/bun": ["@types/bun@1.2.4", "", { "dependencies": { "bun-types": "1.2.4" } }, "sha512-QtuV5OMR8/rdKJs213iwXDpfVvnskPXY/S0ZiFbsTjQZycuqPbMW8Gf/XhLfwE5njW8sxI2WjISURXPlHypMFA=="],

    "@types/node": ["@types/node@22.13.8", "", { "dependencies": { "undici-types": "~6.20.0" } }, "sha512-G3EfaZS+iOGYWLLRCEAXdWK9my08oHNZ+FHluRiggIYJPOXzhOiDgpVCUHaUvyIC5/fj7C/p637jdzC666AOKQ=="],

    "@types/ws": ["@types/ws@8.5.14", "", { "dependencies": { "@types/node": "*" } }, "sha512-bd/YFLW+URhBzMXurx7lWByOu+xzU9+kb3RboOteXYDfW+tr+JZa99OyNmPINEGB/ahzKrEuc8rcv4gnpJmxTw=="],

    "@whatwg-node/disposablestack": ["@whatwg-node/disposablestack@0.0.6", "", { "dependencies": { "@whatwg-node/promise-helpers": "^1.0.0", "tslib": "^2.6.3" } }, "sha512-LOtTn+JgJvX8WfBVJtF08TGrdjuFzGJc4mkP8EdDI8ADbvO7kiexYep1o8dwnt0okb0jYclCDXF13xU7Ge4zSw=="],

    "@whatwg-node/fetch": ["@whatwg-node/fetch@0.10.5", "", { "dependencies": { "@whatwg-node/node-fetch": "^0.7.11", "urlpattern-polyfill": "^10.0.0" } }, "sha512-+yFJU3hmXPAHJULwx0VzCIsvr/H0lvbPvbOH3areOH3NAuCxCwaJsQ8w6/MwwMcvEWIynSsmAxoyaH04KeosPg=="],

    "@whatwg-node/node-fetch": ["@whatwg-node/node-fetch@0.7.12", "", { "dependencies": { "@whatwg-node/disposablestack": "^0.0.6", "@whatwg-node/promise-helpers": "^1.0.0", "busboy": "^1.6.0", "tslib": "^2.6.3" } }, "sha512-ec9ZPDImceXD9gShv0VTc6q0waZ7ccpiYXNbAeGMjGQAZ8hkAeAYOXoiJsfaHO5Pt0UR+SbNVTJGP2aeFMYz0Q=="],

    "@whatwg-node/promise-helpers": ["@whatwg-node/promise-helpers@1.2.1", "", { "dependencies": { "tslib": "^2.6.3" } }, "sha512-+faGtJlS4U8NSaSzRVN37xAprPdhoobYzUSUo4DgH8APtfFyizmNxp0ckwKcURoL8cy2B+bKxOWU/VIH2nFeLg=="],

    "@whatwg-node/server": ["@whatwg-node/server@0.9.70", "", { "dependencies": { "@whatwg-node/disposablestack": "^0.0.6", "@whatwg-node/fetch": "^0.10.5", "@whatwg-node/promise-helpers": "^1.0.0", "tslib": "^2.6.3" } }, "sha512-YjZgF5E29R8QwtYo5WWIERXA0Hn7TSmrpVsIGYZpJDSQNE0gFpcsijmzxpviYtSm69Ayu8B9xOg+EFVk+sVtgA=="],

    "bun-types": ["bun-types@1.2.4", "", { "dependencies": { "@types/node": "*", "@types/ws": "~8.5.10" } }, "sha512-nDPymR207ZZEoWD4AavvEaa/KZe/qlrbMSchqpQwovPZCKc7pwMoENjEtHgMKaAjJhy+x6vfqSBA1QU3bJgs0Q=="],

    "busboy": ["busboy@1.6.0", "", { "dependencies": { "streamsearch": "^1.1.0" } }, "sha512-8SFQbg/0hQ9xy3UNTB0YEnsNBbWfhf7RtnzpL7TkBiTBRfrQ9Fxcnz7VJsleJpyp6rVLvXiuORqjlHi5q+PYuA=="],

    "streamsearch": ["streamsearch@1.1.0", "", {}, "sha512-Mcc5wHehp9aXz1ax6bZUyY5afg9u2rv5cqQI3mRrYkGC8rW2hM02jWuwjtL++LS5qinSyhj2QfLyNsuc+VsExg=="],

    "tslib": ["tslib@2.8.1", "", {}, "sha512-oJFu94HQb+KVduSUQL7wnpmqnfmLsOA/nAh6b6EH0wCEoK0/mPeXU6c3wKDV83MkOuHPRHtSXKKU99IBazS/2w=="],

    "undici-types": ["undici-types@6.20.0", "", {}, "sha512-Ny6QZ2Nju20vw1SRHe3d9jVu6gJ+4e3+MMpqu7pqE5HT6WsTSlce++GQmK5UXS8mzV8DSYHrQH+Xrf2jVcuKNg=="],

    "urlpattern-polyfill": ["urlpattern-polyfill@10.0.0", "", {}, "sha512-H/A06tKD7sS1O1X2SshBVeA5FLycRpjqiBeqGKmBwBDBy28EnRjORxTNe269KSSr5un5qyWi1iL61wLxpd+ZOg=="],
  }
}
